
Microsoft Visual Studio Solution File, Format Version 12.00
# Visual Studio 14
VisualStudioVersion = 14.0.25420.1
MinimumVisualStudioVersion = 10.0.40219.1
Project("{FAE04EC0-301F-11D3-BF4B-00C04F79EFBC}") = "Pokedex.Cross.Droid", "Pokedex.Cross\Pokedex.Cross.Droid\Pokedex.Cross.Droid.csproj", "{CC319EBF-7559-4616-BF4B-4D63FFB5FFF2}"
EndProject
Project("{FAE04EC0-301F-11D3-BF4B-00C04F79EFBC}") = "Pokedex.Cross.iOS", "Pokedex.Cross\Pokedex.Cross.iOS\Pokedex.Cross.iOS.csproj", "{9607BB8E-09BF-4C0C-84B1-A5A2A228C75D}"
EndProject
Project("{FAE04EC0-301F-11D3-BF4B-00C04F79EFBC}") = "Pokedex.Cross.WinPhone", "Pokedex.Cross\Pokedex.Cross.WinPhone\Pokedex.Cross.WinPhone.csproj", "{79B2D5C3-BB5F-44F0-B9DA-99AF0426D14C}"
EndProject
Project("{FAE04EC0-301F-11D3-BF4B-00C04F79EFBC}") = "Pokedex.Cross.UWP", "Pokedex.Cross\Pokedex.Cross.UWP\Pokedex.Cross.UWP.csproj", "{C87104B5-05DC-4BAE-86F9-7CA35AE1D37D}"
EndProject
Project("{FAE04EC0-301F-11D3-BF4B-00C04F79EFBC}") = "Pokedex.Cross.Windows", "Pokedex.Cross\Pokedex.Cross.Windows\Pokedex.Cross.Windows.csproj", "{85E085E8-6C91-4F18-AF3B-7A6E23FFB917}"
EndProject
Project("{FAE04EC0-301F-11D3-BF4B-00C04F79EFBC}") = "Pokedex.Cross", "Pokedex.Cross\Pokedex.Cross\Pokedex.Cross.csproj", "{88DB519D-9C97-458A-A198-B17C63903962}"
EndProject
Global
	GlobalSection(SolutionConfigurationPlatforms) = preSolution
		Ad-Hoc|Any CPU = Ad-Hoc|Any CPU
		Ad-Hoc|ARM = Ad-Hoc|ARM
		Ad-Hoc|iPhone = Ad-Hoc|iPhone
		Ad-Hoc|iPhoneSimulator = Ad-Hoc|iPhoneSimulator
		Ad-Hoc|x64 = Ad-Hoc|x64
		Ad-Hoc|x86 = Ad-Hoc|x86
		AppStore|Any CPU = AppStore|Any CPU
		AppStore|ARM = AppStore|ARM
		AppStore|iPhone = AppStore|iPhone
		AppStore|iPhoneSimulator = AppStore|iPhoneSimulator
		AppStore|x64 = AppStore|x64
		AppStore|x86 = AppStore|x86
		Debug|Any CPU = Debug|Any CPU
		Debug|ARM = Debug|ARM
		Debug|iPhone = Debug|iPhone
		Debug|iPhoneSimulator = Debug|iPhoneSimulator
		Debug|x64 = Debug|x64
		Debug|x86 = Debug|x86
		Release|Any CPU = Release|Any CPU
		Release|ARM = Release|ARM
		Release|iPhone = Release|iPhone
		Release|iPhoneSimulator = Release|iPhoneSimulator
		Release|x64 = Release|x64
		Release|x86 = Release|x86
	EndGlobalSection
	GlobalSection(ProjectConfigurationPlatforms) = postSolution
		{CC319EBF-7559-4616-BF4B-4D63FFB5FFF2}.Ad-Hoc|Any CPU.ActiveCfg = Release|Any CPU
		{CC319EBF-7559-4616-BF4B-4D63FFB5FFF2}.Ad-Hoc|Any CPU.Build.0 = Release|Any CPU
		{CC319EBF-7559-4616-BF4B-4D63FFB5FFF2}.Ad-Hoc|Any CPU.Deploy.0 = Release|Any CPU
		{CC319EBF-7559-4616-BF4B-4D63FFB5FFF2}.Ad-Hoc|ARM.ActiveCfg = Release|Any CPU
		{CC319EBF-7559-4616-BF4B-4D63FFB5FFF2}.Ad-Hoc|ARM.Build.0 = Release|Any CPU
		{CC319EBF-7559-4616-BF4B-4D63FFB5FFF2}.Ad-Hoc|ARM.Deploy.0 = Release|Any CPU
		{CC319EBF-7559-4616-BF4B-4D63FFB5FFF2}.Ad-Hoc|iPhone.ActiveCfg = Release|Any CPU
		{CC319EBF-7559-4616-BF4B-4D63FFB5FFF2}.Ad-Hoc|iPhone.Build.0 = Release|Any CPU
		{CC319EBF-7559-4616-BF4B-4D63FFB5FFF2}.Ad-Hoc|iPhone.Deploy.0 = Release|Any CPU
		{CC319EBF-7559-4616-BF4B-4D63FFB5FFF2}.Ad-Hoc|iPhoneSimulator.ActiveCfg = Release|Any CPU
		{CC319EBF-7559-4616-BF4B-4D63FFB5FFF2}.Ad-Hoc|iPhoneSimulator.Build.0 = Release|Any CPU
		{CC319EBF-7559-4616-BF4B-4D63FFB5FFF2}.Ad-Hoc|iPhoneSimulator.Deploy.0 = Release|Any CPU
		{CC319EBF-7559-4616-BF4B-4D63FFB5FFF2}.Ad-Hoc|x64.ActiveCfg = Release|Any CPU
		{CC319EBF-7559-4616-BF4B-4D63FFB5FFF2}.Ad-Hoc|x64.Build.0 = Release|Any CPU
		{CC319EBF-7559-4616-BF4B-4D63FFB5FFF2}.Ad-Hoc|x64.Deploy.0 = Release|Any CPU
		{CC319EBF-7559-4616-BF4B-4D63FFB5FFF2}.Ad-Hoc|x86.ActiveCfg = Release|Any CPU
		{CC319EBF-7559-4616-BF4B-4D63FFB5FFF2}.Ad-Hoc|x86.Build.0 = Release|Any CPU
		{CC319EBF-7559-4616-BF4B-4D63FFB5FFF2}.Ad-Hoc|x86.Deploy.0 = Release|Any CPU
		{CC319EBF-7559-4616-BF4B-4D63FFB5FFF2}.AppStore|Any CPU.ActiveCfg = Release|Any CPU
		{CC319EBF-7559-4616-BF4B-4D63FFB5FFF2}.AppStore|Any CPU.Build.0 = Release|Any CPU
		{CC319EBF-7559-4616-BF4B-4D63FFB5FFF2}.AppStore|Any CPU.Deploy.0 = Release|Any CPU
		{CC319EBF-7559-4616-BF4B-4D63FFB5FFF2}.AppStore|ARM.ActiveCfg = Release|Any CPU
		{CC319EBF-7559-4616-BF4B-4D63FFB5FFF2}.AppStore|ARM.Build.0 = Release|Any CPU
		{CC319EBF-7559-4616-BF4B-4D63FFB5FFF2}.AppStore|ARM.Deploy.0 = Release|Any CPU
		{CC319EBF-7559-4616-BF4B-4D63FFB5FFF2}.AppStore|iPhone.ActiveCfg = Release|Any CPU
		{CC319EBF-7559-4616-BF4B-4D63FFB5FFF2}.AppStore|iPhone.Build.0 = Release|Any CPU
		{CC319EBF-7559-4616-BF4B-4D63FFB5FFF2}.AppStore|iPhone.Deploy.0 = Release|Any CPU
		{CC319EBF-7559-4616-BF4B-4D63FFB5FFF2}.AppStore|iPhoneSimulator.ActiveCfg = Release|Any CPU
		{CC319EBF-7559-4616-BF4B-4D63FFB5FFF2}.AppStore|iPhoneSimulator.Build.0 = Release|Any CPU
		{CC319EBF-7559-4616-BF4B-4D63FFB5FFF2}.AppStore|iPhoneSimulator.Deploy.0 = Release|Any CPU
		{CC319EBF-7559-4616-BF4B-4D63FFB5FFF2}.AppStore|x64.ActiveCfg = Release|Any CPU
		{CC319EBF-7559-4616-BF4B-4D63FFB5FFF2}.AppStore|x64.Build.0 = Release|Any CPU
		{CC319EBF-7559-4616-BF4B-4D63FFB5FFF2}.AppStore|x64.Deploy.0 = Release|Any CPU
		{CC319EBF-7559-4616-BF4B-4D63FFB5FFF2}.AppStore|x86.ActiveCfg = Release|Any CPU
		{CC319EBF-7559-4616-BF4B-4D63FFB5FFF2}.AppStore|x86.Build.0 = Release|Any CPU
		{CC319EBF-7559-4616-BF4B-4D63FFB5FFF2}.AppStore|x86.Deploy.0 = Release|Any CPU
		{CC319EBF-7559-4616-BF4B-4D63FFB5FFF2}.Debug|Any CPU.ActiveCfg = Debug|Any CPU
		{CC319EBF-7559-4616-BF4B-4D63FFB5FFF2}.Debug|Any CPU.Build.0 = Debug|Any CPU
		{CC319EBF-7559-4616-BF4B-4D63FFB5FFF2}.Debug|Any CPU.Deploy.0 = Debug|Any CPU
		{CC319EBF-7559-4616-BF4B-4D63FFB5FFF2}.Debug|ARM.ActiveCfg = Debug|Any CPU
		{CC319EBF-7559-4616-BF4B-4D63FFB5FFF2}.Debug|ARM.Build.0 = Debug|Any CPU
		{CC319EBF-7559-4616-BF4B-4D63FFB5FFF2}.Debug|ARM.Deploy.0 = Debug|Any CPU
		{CC319EBF-7559-4616-BF4B-4D63FFB5FFF2}.Debug|iPhone.ActiveCfg = Debug|Any CPU
		{CC319EBF-7559-4616-BF4B-4D63FFB5FFF2}.Debug|iPhone.Build.0 = Debug|Any CPU
		{CC319EBF-7559-4616-BF4B-4D63FFB5FFF2}.Debug|iPhone.Deploy.0 = Debug|Any CPU
		{CC319EBF-7559-4616-BF4B-4D63FFB5FFF2}.Debug|iPhoneSimulator.ActiveCfg = Debug|Any CPU
		{CC319EBF-7559-4616-BF4B-4D63FFB5FFF2}.Debug|iPhoneSimulator.Build.0 = Debug|Any CPU
		{CC319EBF-7559-4616-BF4B-4D63FFB5FFF2}.Debug|iPhoneSimulator.Deploy.0 = Debug|Any CPU
		{CC319EBF-7559-4616-BF4B-4D63FFB5FFF2}.Debug|x64.ActiveCfg = Debug|Any CPU
		{CC319EBF-7559-4616-BF4B-4D63FFB5FFF2}.Debug|x64.Build.0 = Debug|Any CPU
		{CC319EBF-7559-4616-BF4B-4D63FFB5FFF2}.Debug|x64.Deploy.0 = Debug|Any CPU
		{CC319EBF-7559-4616-BF4B-4D63FFB5FFF2}.Debug|x86.ActiveCfg = Debug|Any CPU
		{CC319EBF-7559-4616-BF4B-4D63FFB5FFF2}.Debug|x86.Build.0 = Debug|Any CPU
		{CC319EBF-7559-4616-BF4B-4D63FFB5FFF2}.Debug|x86.Deploy.0 = Debug|Any CPU
		{CC319EBF-7559-4616-BF4B-4D63FFB5FFF2}.Release|Any CPU.ActiveCfg = Release|Any CPU
		{CC319EBF-7559-4616-BF4B-4D63FFB5FFF2}.Release|Any CPU.Build.0 = Release|Any CPU
		{CC319EBF-7559-4616-BF4B-4D63FFB5FFF2}.Release|Any CPU.Deploy.0 = Release|Any CPU
		{CC319EBF-7559-4616-BF4B-4D63FFB5FFF2}.Release|ARM.ActiveCfg = Release|Any CPU
		{CC319EBF-7559-4616-BF4B-4D63FFB5FFF2}.Release|ARM.Build.0 = Release|Any CPU
		{CC319EBF-7559-4616-BF4B-4D63FFB5FFF2}.Release|ARM.Deploy.0 = Release|Any CPU
		{CC319EBF-7559-4616-BF4B-4D63FFB5FFF2}.Release|iPhone.ActiveCfg = Release|Any CPU
		{CC319EBF-7559-4616-BF4B-4D63FFB5FFF2}.Release|iPhone.Build.0 = Release|Any CPU
		{CC319EBF-7559-4616-BF4B-4D63FFB5FFF2}.Release|iPhone.Deploy.0 = Release|Any CPU
		{CC319EBF-7559-4616-BF4B-4D63FFB5FFF2}.Release|iPhoneSimulator.ActiveCfg = Release|Any CPU
		{CC319EBF-7559-4616-BF4B-4D63FFB5FFF2}.Release|iPhoneSimulator.Build.0 = Release|Any CPU
		{CC319EBF-7559-4616-BF4B-4D63FFB5FFF2}.Release|iPhoneSimulator.Deploy.0 = Release|Any CPU
		{CC319EBF-7559-4616-BF4B-4D63FFB5FFF2}.Release|x64.ActiveCfg = Release|Any CPU
		{CC319EBF-7559-4616-BF4B-4D63FFB5FFF2}.Release|x64.Build.0 = Release|Any CPU
		{CC319EBF-7559-4616-BF4B-4D63FFB5FFF2}.Release|x64.Deploy.0 = Release|Any CPU
		{CC319EBF-7559-4616-BF4B-4D63FFB5FFF2}.Release|x86.ActiveCfg = Release|Any CPU
		{CC319EBF-7559-4616-BF4B-4D63FFB5FFF2}.Release|x86.Build.0 = Release|Any CPU
		{CC319EBF-7559-4616-BF4B-4D63FFB5FFF2}.Release|x86.Deploy.0 = Release|Any CPU
		{9607BB8E-09BF-4C0C-84B1-A5A2A228C75D}.Ad-Hoc|Any CPU.ActiveCfg = Ad-Hoc|iPhone
		{9607BB8E-09BF-4C0C-84B1-A5A2A228C75D}.Ad-Hoc|ARM.ActiveCfg = Ad-Hoc|iPhone
		{9607BB8E-09BF-4C0C-84B1-A5A2A228C75D}.Ad-Hoc|iPhone.ActiveCfg = Ad-Hoc|iPhone
		{9607BB8E-09BF-4C0C-84B1-A5A2A228C75D}.Ad-Hoc|iPhone.Build.0 = Ad-Hoc|iPhone
		{9607BB8E-09BF-4C0C-84B1-A5A2A228C75D}.Ad-Hoc|iPhoneSimulator.ActiveCfg = Ad-Hoc|iPhoneSimulator
		{9607BB8E-09BF-4C0C-84B1-A5A2A228C75D}.Ad-Hoc|iPhoneSimulator.Build.0 = Ad-Hoc|iPhoneSimulator
		{9607BB8E-09BF-4C0C-84B1-A5A2A228C75D}.Ad-Hoc|x64.ActiveCfg = Ad-Hoc|iPhone
		{9607BB8E-09BF-4C0C-84B1-A5A2A228C75D}.Ad-Hoc|x86.ActiveCfg = Ad-Hoc|iPhone
		{9607BB8E-09BF-4C0C-84B1-A5A2A228C75D}.AppStore|Any CPU.ActiveCfg = AppStore|iPhone
		{9607BB8E-09BF-4C0C-84B1-A5A2A228C75D}.AppStore|ARM.ActiveCfg = AppStore|iPhone
		{9607BB8E-09BF-4C0C-84B1-A5A2A228C75D}.AppStore|iPhone.ActiveCfg = AppStore|iPhone
		{9607BB8E-09BF-4C0C-84B1-A5A2A228C75D}.AppStore|iPhone.Build.0 = AppStore|iPhone
		{9607BB8E-09BF-4C0C-84B1-A5A2A228C75D}.AppStore|iPhoneSimulator.ActiveCfg = AppStore|iPhoneSimulator
		{9607BB8E-09BF-4C0C-84B1-A5A2A228C75D}.AppStore|iPhoneSimulator.Build.0 = AppStore|iPhoneSimulator
		{9607BB8E-09BF-4C0C-84B1-A5A2A228C75D}.AppStore|x64.ActiveCfg = AppStore|iPhone
		{9607BB8E-09BF-4C0C-84B1-A5A2A228C75D}.AppStore|x86.ActiveCfg = AppStore|iPhone
		{9607BB8E-09BF-4C0C-84B1-A5A2A228C75D}.Debug|Any CPU.ActiveCfg = Debug|iPhone
		{9607BB8E-09BF-4C0C-84B1-A5A2A228C75D}.Debug|ARM.ActiveCfg = Debug|iPhone
		{9607BB8E-09BF-4C0C-84B1-A5A2A228C75D}.Debug|iPhone.ActiveCfg = Debug|iPhone
		{9607BB8E-09BF-4C0C-84B1-A5A2A228C75D}.Debug|iPhone.Build.0 = Debug|iPhone
		{9607BB8E-09BF-4C0C-84B1-A5A2A228C75D}.Debug|iPhoneSimulator.ActiveCfg = Debug|iPhoneSimulator
		{9607BB8E-09BF-4C0C-84B1-A5A2A228C75D}.Debug|iPhoneSimulator.Build.0 = Debug|iPhoneSimulator
		{9607BB8E-09BF-4C0C-84B1-A5A2A228C75D}.Debug|x64.ActiveCfg = Debug|iPhone
		{9607BB8E-09BF-4C0C-84B1-A5A2A228C75D}.Debug|x86.ActiveCfg = Debug|iPhone
		{9607BB8E-09BF-4C0C-84B1-A5A2A228C75D}.Release|Any CPU.ActiveCfg = Release|iPhone
		{9607BB8E-09BF-4C0C-84B1-A5A2A228C75D}.Release|ARM.ActiveCfg = Release|iPhone
		{9607BB8E-09BF-4C0C-84B1-A5A2A228C75D}.Release|iPhone.ActiveCfg = Release|iPhone
		{9607BB8E-09BF-4C0C-84B1-A5A2A228C75D}.Release|iPhone.Build.0 = Release|iPhone
		{9607BB8E-09BF-4C0C-84B1-A5A2A228C75D}.Release|iPhoneSimulator.ActiveCfg = Release|iPhoneSimulator
		{9607BB8E-09BF-4C0C-84B1-A5A2A228C75D}.Release|iPhoneSimulator.Build.0 = Release|iPhoneSimulator
		{9607BB8E-09BF-4C0C-84B1-A5A2A228C75D}.Release|x64.ActiveCfg = Release|iPhone
		{9607BB8E-09BF-4C0C-84B1-A5A2A228C75D}.Release|x86.ActiveCfg = Release|iPhone
		{79B2D5C3-BB5F-44F0-B9DA-99AF0426D14C}.Ad-Hoc|Any CPU.ActiveCfg = Release|Any CPU
		{79B2D5C3-BB5F-44F0-B9DA-99AF0426D14C}.Ad-Hoc|Any CPU.Build.0 = Release|Any CPU
		{79B2D5C3-BB5F-44F0-B9DA-99AF0426D14C}.Ad-Hoc|Any CPU.Deploy.0 = Release|Any CPU
		{79B2D5C3-BB5F-44F0-B9DA-99AF0426D14C}.Ad-Hoc|ARM.ActiveCfg = Release|ARM
		{79B2D5C3-BB5F-44F0-B9DA-99AF0426D14C}.Ad-Hoc|ARM.Build.0 = Release|ARM
		{79B2D5C3-BB5F-44F0-B9DA-99AF0426D14C}.Ad-Hoc|ARM.Deploy.0 = Release|ARM
		{79B2D5C3-BB5F-44F0-B9DA-99AF0426D14C}.Ad-Hoc|iPhone.ActiveCfg = Release|Any CPU
		{79B2D5C3-BB5F-44F0-B9DA-99AF0426D14C}.Ad-Hoc|iPhone.Build.0 = Release|Any CPU
		{79B2D5C3-BB5F-44F0-B9DA-99AF0426D14C}.Ad-Hoc|iPhone.Deploy.0 = Release|Any CPU
		{79B2D5C3-BB5F-44F0-B9DA-99AF0426D14C}.Ad-Hoc|iPhoneSimulator.ActiveCfg = Release|Any CPU
		{79B2D5C3-BB5F-44F0-B9DA-99AF0426D14C}.Ad-Hoc|iPhoneSimulator.Build.0 = Release|Any CPU
		{79B2D5C3-BB5F-44F0-B9DA-99AF0426D14C}.Ad-Hoc|iPhoneSimulator.Deploy.0 = Release|Any CPU
		{79B2D5C3-BB5F-44F0-B9DA-99AF0426D14C}.Ad-Hoc|x64.ActiveCfg = Release|Any CPU
		{79B2D5C3-BB5F-44F0-B9DA-99AF0426D14C}.Ad-Hoc|x64.Build.0 = Release|Any CPU
		{79B2D5C3-BB5F-44F0-B9DA-99AF0426D14C}.Ad-Hoc|x64.Deploy.0 = Release|Any CPU
		{79B2D5C3-BB5F-44F0-B9DA-99AF0426D14C}.Ad-Hoc|x86.ActiveCfg = Release|x86
		{79B2D5C3-BB5F-44F0-B9DA-99AF0426D14C}.Ad-Hoc|x86.Build.0 = Release|x86
		{79B2D5C3-BB5F-44F0-B9DA-99AF0426D14C}.Ad-Hoc|x86.Deploy.0 = Release|x86
		{79B2D5C3-BB5F-44F0-B9DA-99AF0426D14C}.AppStore|Any CPU.ActiveCfg = Release|Any CPU
		{79B2D5C3-BB5F-44F0-B9DA-99AF0426D14C}.AppStore|Any CPU.Build.0 = Release|Any CPU
		{79B2D5C3-BB5F-44F0-B9DA-99AF0426D14C}.AppStore|Any CPU.Deploy.0 = Release|Any CPU
		{79B2D5C3-BB5F-44F0-B9DA-99AF0426D14C}.AppStore|ARM.ActiveCfg = Release|ARM
		{79B2D5C3-BB5F-44F0-B9DA-99AF0426D14C}.AppStore|ARM.Build.0 = Release|ARM
		{79B2D5C3-BB5F-44F0-B9DA-99AF0426D14C}.AppStore|ARM.Deploy.0 = Release|ARM
		{79B2D5C3-BB5F-44F0-B9DA-99AF0426D14C}.AppStore|iPhone.ActiveCfg = Release|Any CPU
		{79B2D5C3-BB5F-44F0-B9DA-99AF0426D14C}.AppStore|iPhone.Build.0 = Release|Any CPU
		{79B2D5C3-BB5F-44F0-B9DA-99AF0426D14C}.AppStore|iPhone.Deploy.0 = Release|Any CPU
		{79B2D5C3-BB5F-44F0-B9DA-99AF0426D14C}.AppStore|iPhoneSimulator.ActiveCfg = Release|Any CPU
		{79B2D5C3-BB5F-44F0-B9DA-99AF0426D14C}.AppStore|iPhoneSimulator.Build.0 = Release|Any CPU
		{79B2D5C3-BB5F-44F0-B9DA-99AF0426D14C}.AppStore|iPhoneSimulator.Deploy.0 = Release|Any CPU
		{79B2D5C3-BB5F-44F0-B9DA-99AF0426D14C}.AppStore|x64.ActiveCfg = Release|Any CPU
		{79B2D5C3-BB5F-44F0-B9DA-99AF0426D14C}.AppStore|x64.Build.0 = Release|Any CPU
		{79B2D5C3-BB5F-44F0-B9DA-99AF0426D14C}.AppStore|x64.Deploy.0 = Release|Any CPU
		{79B2D5C3-BB5F-44F0-B9DA-99AF0426D14C}.AppStore|x86.ActiveCfg = Release|x86
		{79B2D5C3-BB5F-44F0-B9DA-99AF0426D14C}.AppStore|x86.Build.0 = Release|x86
		{79B2D5C3-BB5F-44F0-B9DA-99AF0426D14C}.AppStore|x86.Deploy.0 = Release|x86
		{79B2D5C3-BB5F-44F0-B9DA-99AF0426D14C}.Debug|Any CPU.ActiveCfg = Debug|Any CPU
		{79B2D5C3-BB5F-44F0-B9DA-99AF0426D14C}.Debug|Any CPU.Build.0 = Debug|Any CPU
		{79B2D5C3-BB5F-44F0-B9DA-99AF0426D14C}.Debug|Any CPU.Deploy.0 = Debug|Any CPU
		{79B2D5C3-BB5F-44F0-B9DA-99AF0426D14C}.Debug|ARM.ActiveCfg = Debug|ARM
		{79B2D5C3-BB5F-44F0-B9DA-99AF0426D14C}.Debug|ARM.Build.0 = Debug|ARM
		{79B2D5C3-BB5F-44F0-B9DA-99AF0426D14C}.Debug|ARM.Deploy.0 = Debug|ARM
		{79B2D5C3-BB5F-44F0-B9DA-99AF0426D14C}.Debug|iPhone.ActiveCfg = Debug|Any CPU
		{79B2D5C3-BB5F-44F0-B9DA-99AF0426D14C}.Debug|iPhone.Build.0 = Debug|Any CPU
		{79B2D5C3-BB5F-44F0-B9DA-99AF0426D14C}.Debug|iPhone.Deploy.0 = Debug|Any CPU
		{79B2D5C3-BB5F-44F0-B9DA-99AF0426D14C}.Debug|iPhoneSimulator.ActiveCfg = Debug|Any CPU
		{79B2D5C3-BB5F-44F0-B9DA-99AF0426D14C}.Debug|iPhoneSimulator.Build.0 = Debug|Any CPU
		{79B2D5C3-BB5F-44F0-B9DA-99AF0426D14C}.Debug|iPhoneSimulator.Deploy.0 = Debug|Any CPU
		{79B2D5C3-BB5F-44F0-B9DA-99AF0426D14C}.Debug|x64.ActiveCfg = Debug|Any CPU
		{79B2D5C3-BB5F-44F0-B9DA-99AF0426D14C}.Debug|x64.Build.0 = Debug|Any CPU
		{79B2D5C3-BB5F-44F0-B9DA-99AF0426D14C}.Debug|x64.Deploy.0 = Debug|Any CPU
		{79B2D5C3-BB5F-44F0-B9DA-99AF0426D14C}.Debug|x86.ActiveCfg = Debug|x86
		{79B2D5C3-BB5F-44F0-B9DA-99AF0426D14C}.Debug|x86.Build.0 = Debug|x86
		{79B2D5C3-BB5F-44F0-B9DA-99AF0426D14C}.Debug|x86.Deploy.0 = Debug|x86
		{79B2D5C3-BB5F-44F0-B9DA-99AF0426D14C}.Release|Any CPU.ActiveCfg = Release|Any CPU
		{79B2D5C3-BB5F-44F0-B9DA-99AF0426D14C}.Release|Any CPU.Build.0 = Release|Any CPU
		{79B2D5C3-BB5F-44F0-B9DA-99AF0426D14C}.Release|Any CPU.Deploy.0 = Release|Any CPU
		{79B2D5C3-BB5F-44F0-B9DA-99AF0426D14C}.Release|ARM.ActiveCfg = Release|ARM
		{79B2D5C3-BB5F-44F0-B9DA-99AF0426D14C}.Release|ARM.Build.0 = Release|ARM
		{79B2D5C3-BB5F-44F0-B9DA-99AF0426D14C}.Release|ARM.Deploy.0 = Release|ARM
		{79B2D5C3-BB5F-44F0-B9DA-99AF0426D14C}.Release|iPhone.ActiveCfg = Release|Any CPU
		{79B2D5C3-BB5F-44F0-B9DA-99AF0426D14C}.Release|iPhone.Build.0 = Release|Any CPU
		{79B2D5C3-BB5F-44F0-B9DA-99AF0426D14C}.Release|iPhone.Deploy.0 = Release|Any CPU
		{79B2D5C3-BB5F-44F0-B9DA-99AF0426D14C}.Release|iPhoneSimulator.ActiveCfg = Release|Any CPU
		{79B2D5C3-BB5F-44F0-B9DA-99AF0426D14C}.Release|iPhoneSimulator.Build.0 = Release|Any CPU
		{79B2D5C3-BB5F-44F0-B9DA-99AF0426D14C}.Release|iPhoneSimulator.Deploy.0 = Release|Any CPU
		{79B2D5C3-BB5F-44F0-B9DA-99AF0426D14C}.Release|x64.ActiveCfg = Release|Any CPU
		{79B2D5C3-BB5F-44F0-B9DA-99AF0426D14C}.Release|x64.Build.0 = Release|Any CPU
		{79B2D5C3-BB5F-44F0-B9DA-99AF0426D14C}.Release|x64.Deploy.0 = Release|Any CPU
		{79B2D5C3-BB5F-44F0-B9DA-99AF0426D14C}.Release|x86.ActiveCfg = Release|x86
		{79B2D5C3-BB5F-44F0-B9DA-99AF0426D14C}.Release|x86.Build.0 = Release|x86
		{79B2D5C3-BB5F-44F0-B9DA-99AF0426D14C}.Release|x86.Deploy.0 = Release|x86
		{C87104B5-05DC-4BAE-86F9-7CA35AE1D37D}.Ad-Hoc|Any CPU.ActiveCfg = Release|x86
		{C87104B5-05DC-4BAE-86F9-7CA35AE1D37D}.Ad-Hoc|Any CPU.Build.0 = Release|x86
		{C87104B5-05DC-4BAE-86F9-7CA35AE1D37D}.Ad-Hoc|Any CPU.Deploy.0 = Release|x86
		{C87104B5-05DC-4BAE-86F9-7CA35AE1D37D}.Ad-Hoc|ARM.ActiveCfg = Release|ARM
		{C87104B5-05DC-4BAE-86F9-7CA35AE1D37D}.Ad-Hoc|ARM.Build.0 = Release|ARM
		{C87104B5-05DC-4BAE-86F9-7CA35AE1D37D}.Ad-Hoc|ARM.Deploy.0 = Release|ARM
		{C87104B5-05DC-4BAE-86F9-7CA35AE1D37D}.Ad-Hoc|iPhone.ActiveCfg = Release|x86
		{C87104B5-05DC-4BAE-86F9-7CA35AE1D37D}.Ad-Hoc|iPhone.Build.0 = Release|x86
		{C87104B5-05DC-4BAE-86F9-7CA35AE1D37D}.Ad-Hoc|iPhone.Deploy.0 = Release|x86
		{C87104B5-05DC-4BAE-86F9-7CA35AE1D37D}.Ad-Hoc|iPhoneSimulator.ActiveCfg = Release|x86
		{C87104B5-05DC-4BAE-86F9-7CA35AE1D37D}.Ad-Hoc|iPhoneSimulator.Build.0 = Release|x86
		{C87104B5-05DC-4BAE-86F9-7CA35AE1D37D}.Ad-Hoc|iPhoneSimulator.Deploy.0 = Release|x86
		{C87104B5-05DC-4BAE-86F9-7CA35AE1D37D}.Ad-Hoc|x64.ActiveCfg = Release|x64
		{C87104B5-05DC-4BAE-86F9-7CA35AE1D37D}.Ad-Hoc|x64.Build.0 = Release|x64
		{C87104B5-05DC-4BAE-86F9-7CA35AE1D37D}.Ad-Hoc|x64.Deploy.0 = Release|x64
		{C87104B5-05DC-4BAE-86F9-7CA35AE1D37D}.Ad-Hoc|x86.ActiveCfg = Release|x86
		{C87104B5-05DC-4BAE-86F9-7CA35AE1D37D}.Ad-Hoc|x86.Build.0 = Release|x86
		{C87104B5-05DC-4BAE-86F9-7CA35AE1D37D}.Ad-Hoc|x86.Deploy.0 = Release|x86
		{C87104B5-05DC-4BAE-86F9-7CA35AE1D37D}.AppStore|Any CPU.ActiveCfg = Release|x86
		{C87104B5-05DC-4BAE-86F9-7CA35AE1D37D}.AppStore|Any CPU.Build.0 = Release|x86
		{C87104B5-05DC-4BAE-86F9-7CA35AE1D37D}.AppStore|Any CPU.Deploy.0 = Release|x86
		{C87104B5-05DC-4BAE-86F9-7CA35AE1D37D}.AppStore|ARM.ActiveCfg = Release|ARM
		{C87104B5-05DC-4BAE-86F9-7CA35AE1D37D}.AppStore|ARM.Build.0 = Release|ARM
		{C87104B5-05DC-4BAE-86F9-7CA35AE1D37D}.AppStore|ARM.Deploy.0 = Release|ARM
		{C87104B5-05DC-4BAE-86F9-7CA35AE1D37D}.AppStore|iPhone.ActiveCfg = Release|x86
		{C87104B5-05DC-4BAE-86F9-7CA35AE1D37D}.AppStore|iPhone.Build.0 = Release|x86
		{C87104B5-05DC-4BAE-86F9-7CA35AE1D37D}.AppStore|iPhone.Deploy.0 = Release|x86
		{C87104B5-05DC-4BAE-86F9-7CA35AE1D37D}.AppStore|iPhoneSimulator.ActiveCfg = Release|x86
		{C87104B5-05DC-4BAE-86F9-7CA35AE1D37D}.AppStore|iPhoneSimulator.Build.0 = Release|x86
		{C87104B5-05DC-4BAE-86F9-7CA35AE1D37D}.AppStore|iPhoneSimulator.Deploy.0 = Release|x86
		{C87104B5-05DC-4BAE-86F9-7CA35AE1D37D}.AppStore|x64.ActiveCfg = Release|x64
		{C87104B5-05DC-4BAE-86F9-7CA35AE1D37D}.AppStore|x64.Build.0 = Release|x64
		{C87104B5-05DC-4BAE-86F9-7CA35AE1D37D}.AppStore|x64.Deploy.0 = Release|x64
		{C87104B5-05DC-4BAE-86F9-7CA35AE1D37D}.AppStore|x86.ActiveCfg = Release|x86
		{C87104B5-05DC-4BAE-86F9-7CA35AE1D37D}.AppStore|x86.Build.0 = Release|x86
		{C87104B5-05DC-4BAE-86F9-7CA35AE1D37D}.AppStore|x86.Deploy.0 = Release|x86
		{C87104B5-05DC-4BAE-86F9-7CA35AE1D37D}.Debug|Any CPU.ActiveCfg = Debug|x86
		{C87104B5-05DC-4BAE-86F9-7CA35AE1D37D}.Debug|ARM.ActiveCfg = Debug|ARM
		{C87104B5-05DC-4BAE-86F9-7CA35AE1D37D}.Debug|ARM.Build.0 = Debug|ARM
		{C87104B5-05DC-4BAE-86F9-7CA35AE1D37D}.Debug|ARM.Deploy.0 = Debug|ARM
		{C87104B5-05DC-4BAE-86F9-7CA35AE1D37D}.Debug|iPhone.ActiveCfg = Debug|x86
		{C87104B5-05DC-4BAE-86F9-7CA35AE1D37D}.Debug|iPhoneSimulator.ActiveCfg = Debug|x86
		{C87104B5-05DC-4BAE-86F9-7CA35AE1D37D}.Debug|x64.ActiveCfg = Debug|x64
		{C87104B5-05DC-4BAE-86F9-7CA35AE1D37D}.Debug|x64.Build.0 = Debug|x64
		{C87104B5-05DC-4BAE-86F9-7CA35AE1D37D}.Debug|x64.Deploy.0 = Debug|x64
		{C87104B5-05DC-4BAE-86F9-7CA35AE1D37D}.Debug|x86.ActiveCfg = Debug|x86
		{C87104B5-05DC-4BAE-86F9-7CA35AE1D37D}.Debug|x86.Build.0 = Debug|x86
		{C87104B5-05DC-4BAE-86F9-7CA35AE1D37D}.Debug|x86.Deploy.0 = Debug|x86
		{C87104B5-05DC-4BAE-86F9-7CA35AE1D37D}.Release|Any CPU.ActiveCfg = Release|x86
		{C87104B5-05DC-4BAE-86F9-7CA35AE1D37D}.Release|ARM.ActiveCfg = Release|ARM
		{C87104B5-05DC-4BAE-86F9-7CA35AE1D37D}.Release|ARM.Build.0 = Release|ARM
		{C87104B5-05DC-4BAE-86F9-7CA35AE1D37D}.Release|ARM.Deploy.0 = Release|ARM
		{C87104B5-05DC-4BAE-86F9-7CA35AE1D37D}.Release|iPhone.ActiveCfg = Release|x86
		{C87104B5-05DC-4BAE-86F9-7CA35AE1D37D}.Release|iPhoneSimulator.ActiveCfg = Release|x86
		{C87104B5-05DC-4BAE-86F9-7CA35AE1D37D}.Release|x64.ActiveCfg = Release|x64
		{C87104B5-05DC-4BAE-86F9-7CA35AE1D37D}.Release|x64.Build.0 = Release|x64
		{C87104B5-05DC-4BAE-86F9-7CA35AE1D37D}.Release|x64.Deploy.0 = Release|x64
		{C87104B5-05DC-4BAE-86F9-7CA35AE1D37D}.Release|x86.ActiveCfg = Release|x86
		{C87104B5-05DC-4BAE-86F9-7CA35AE1D37D}.Release|x86.Build.0 = Release|x86
		{C87104B5-05DC-4BAE-86F9-7CA35AE1D37D}.Release|x86.Deploy.0 = Release|x86
		{85E085E8-6C91-4F18-AF3B-7A6E23FFB917}.Ad-Hoc|Any CPU.ActiveCfg = Release|Any CPU
		{85E085E8-6C91-4F18-AF3B-7A6E23FFB917}.Ad-Hoc|Any CPU.Build.0 = Release|Any CPU
		{85E085E8-6C91-4F18-AF3B-7A6E23FFB917}.Ad-Hoc|Any CPU.Deploy.0 = Release|Any CPU
		{85E085E8-6C91-4F18-AF3B-7A6E23FFB917}.Ad-Hoc|ARM.ActiveCfg = Release|ARM
		{85E085E8-6C91-4F18-AF3B-7A6E23FFB917}.Ad-Hoc|ARM.Build.0 = Release|ARM
		{85E085E8-6C91-4F18-AF3B-7A6E23FFB917}.Ad-Hoc|ARM.Deploy.0 = Release|ARM
		{85E085E8-6C91-4F18-AF3B-7A6E23FFB917}.Ad-Hoc|iPhone.ActiveCfg = Release|Any CPU
		{85E085E8-6C91-4F18-AF3B-7A6E23FFB917}.Ad-Hoc|iPhone.Build.0 = Release|Any CPU
		{85E085E8-6C91-4F18-AF3B-7A6E23FFB917}.Ad-Hoc|iPhone.Deploy.0 = Release|Any CPU
		{85E085E8-6C91-4F18-AF3B-7A6E23FFB917}.Ad-Hoc|iPhoneSimulator.ActiveCfg = Release|Any CPU
		{85E085E8-6C91-4F18-AF3B-7A6E23FFB917}.Ad-Hoc|iPhoneSimulator.Build.0 = Release|Any CPU
		{85E085E8-6C91-4F18-AF3B-7A6E23FFB917}.Ad-Hoc|iPhoneSimulator.Deploy.0 = Release|Any CPU
		{85E085E8-6C91-4F18-AF3B-7A6E23FFB917}.Ad-Hoc|x64.ActiveCfg = Release|x64
		{85E085E8-6C91-4F18-AF3B-7A6E23FFB917}.Ad-Hoc|x64.Build.0 = Release|x64
		{85E085E8-6C91-4F18-AF3B-7A6E23FFB917}.Ad-Hoc|x64.Deploy.0 = Release|x64
		{85E085E8-6C91-4F18-AF3B-7A6E23FFB917}.Ad-Hoc|x86.ActiveCfg = Release|x86
		{85E085E8-6C91-4F18-AF3B-7A6E23FFB917}.Ad-Hoc|x86.Build.0 = Release|x86
		{85E085E8-6C91-4F18-AF3B-7A6E23FFB917}.Ad-Hoc|x86.Deploy.0 = Release|x86
		{85E085E8-6C91-4F18-AF3B-7A6E23FFB917}.AppStore|Any CPU.ActiveCfg = Release|Any CPU
		{85E085E8-6C91-4F18-AF3B-7A6E23FFB917}.AppStore|Any CPU.Build.0 = Release|Any CPU
		{85E085E8-6C91-4F18-AF3B-7A6E23FFB917}.AppStore|Any CPU.Deploy.0 = Release|Any CPU
		{85E085E8-6C91-4F18-AF3B-7A6E23FFB917}.AppStore|ARM.ActiveCfg = Release|ARM
		{85E085E8-6C91-4F18-AF3B-7A6E23FFB917}.AppStore|ARM.Build.0 = Release|ARM
		{85E085E8-6C91-4F18-AF3B-7A6E23FFB917}.AppStore|ARM.Deploy.0 = Release|ARM
		{85E085E8-6C91-4F18-AF3B-7A6E23FFB917}.AppStore|iPhone.ActiveCfg = Release|Any CPU
		{85E085E8-6C91-4F18-AF3B-7A6E23FFB917}.AppStore|iPhone.Build.0 = Release|Any CPU
		{85E085E8-6C91-4F18-AF3B-7A6E23FFB917}.AppStore|iPhone.Deploy.0 = Release|Any CPU
		{85E085E8-6C91-4F18-AF3B-7A6E23FFB917}.AppStore|iPhoneSimulator.ActiveCfg = Release|Any CPU
		{85E085E8-6C91-4F18-AF3B-7A6E23FFB917}.AppStore|iPhoneSimulator.Build.0 = Release|Any CPU
		{85E085E8-6C91-4F18-AF3B-7A6E23FFB917}.AppStore|iPhoneSimulator.Deploy.0 = Release|Any CPU
		{85E085E8-6C91-4F18-AF3B-7A6E23FFB917}.AppStore|x64.ActiveCfg = Release|x64
		{85E085E8-6C91-4F18-AF3B-7A6E23FFB917}.AppStore|x64.Build.0 = Release|x64
		{85E085E8-6C91-4F18-AF3B-7A6E23FFB917}.AppStore|x64.Deploy.0 = Release|x64
		{85E085E8-6C91-4F18-AF3B-7A6E23FFB917}.AppStore|x86.ActiveCfg = Release|x86
		{85E085E8-6C91-4F18-AF3B-7A6E23FFB917}.AppStore|x86.Build.0 = Release|x86
		{85E085E8-6C91-4F18-AF3B-7A6E23FFB917}.AppStore|x86.Deploy.0 = Release|x86
		{85E085E8-6C91-4F18-AF3B-7A6E23FFB917}.Debug|Any CPU.ActiveCfg = Debug|Any CPU
		{85E085E8-6C91-4F18-AF3B-7A6E23FFB917}.Debug|Any CPU.Build.0 = Debug|Any CPU
		{85E085E8-6C91-4F18-AF3B-7A6E23FFB917}.Debug|Any CPU.Deploy.0 = Debug|Any CPU
		{85E085E8-6C91-4F18-AF3B-7A6E23FFB917}.Debug|ARM.ActiveCfg = Debug|ARM
		{85E085E8-6C91-4F18-AF3B-7A6E23FFB917}.Debug|ARM.Build.0 = Debug|ARM
		{85E085E8-6C91-4F18-AF3B-7A6E23FFB917}.Debug|ARM.Deploy.0 = Debug|ARM
		{85E085E8-6C91-4F18-AF3B-7A6E23FFB917}.Debug|iPhone.ActiveCfg = Debug|Any CPU
		{85E085E8-6C91-4F18-AF3B-7A6E23FFB917}.Debug|iPhone.Build.0 = Debug|Any CPU
		{85E085E8-6C91-4F18-AF3B-7A6E23FFB917}.Debug|iPhone.Deploy.0 = Debug|Any CPU
		{85E085E8-6C91-4F18-AF3B-7A6E23FFB917}.Debug|iPhoneSimulator.ActiveCfg = Debug|Any CPU
		{85E085E8-6C91-4F18-AF3B-7A6E23FFB917}.Debug|iPhoneSimulator.Build.0 = Debug|Any CPU
		{85E085E8-6C91-4F18-AF3B-7A6E23FFB917}.Debug|iPhoneSimulator.Deploy.0 = Debug|Any CPU
		{85E085E8-6C91-4F18-AF3B-7A6E23FFB917}.Debug|x64.ActiveCfg = Debug|x64
		{85E085E8-6C91-4F18-AF3B-7A6E23FFB917}.Debug|x64.Build.0 = Debug|x64
		{85E085E8-6C91-4F18-AF3B-7A6E23FFB917}.Debug|x64.Deploy.0 = Debug|x64
		{85E085E8-6C91-4F18-AF3B-7A6E23FFB917}.Debug|x86.ActiveCfg = Debug|x86
		{85E085E8-6C91-4F18-AF3B-7A6E23FFB917}.Debug|x86.Build.0 = Debug|x86
		{85E085E8-6C91-4F18-AF3B-7A6E23FFB917}.Debug|x86.Deploy.0 = Debug|x86
		{85E085E8-6C91-4F18-AF3B-7A6E23FFB917}.Release|Any CPU.ActiveCfg = Release|Any CPU
		{85E085E8-6C91-4F18-AF3B-7A6E23FFB917}.Release|Any CPU.Build.0 = Release|Any CPU
		{85E085E8-6C91-4F18-AF3B-7A6E23FFB917}.Release|Any CPU.Deploy.0 = Release|Any CPU
		{85E085E8-6C91-4F18-AF3B-7A6E23FFB917}.Release|ARM.ActiveCfg = Release|ARM
		{85E085E8-6C91-4F18-AF3B-7A6E23FFB917}.Release|ARM.Build.0 = Release|ARM
		{85E085E8-6C91-4F18-AF3B-7A6E23FFB917}.Release|ARM.Deploy.0 = Release|ARM
		{85E085E8-6C91-4F18-AF3B-7A6E23FFB917}.Release|iPhone.ActiveCfg = Release|Any CPU
		{85E085E8-6C91-4F18-AF3B-7A6E23FFB917}.Release|iPhone.Build.0 = Release|Any CPU
		{85E085E8-6C91-4F18-AF3B-7A6E23FFB917}.Release|iPhone.Deploy.0 = Release|Any CPU
		{85E085E8-6C91-4F18-AF3B-7A6E23FFB917}.Release|iPhoneSimulator.ActiveCfg = Release|Any CPU
		{85E085E8-6C91-4F18-AF3B-7A6E23FFB917}.Release|iPhoneSimulator.Build.0 = Release|Any CPU
		{85E085E8-6C91-4F18-AF3B-7A6E23FFB917}.Release|iPhoneSimulator.Deploy.0 = Release|Any CPU
		{85E085E8-6C91-4F18-AF3B-7A6E23FFB917}.Release|x64.ActiveCfg = Release|x64
		{85E085E8-6C91-4F18-AF3B-7A6E23FFB917}.Release|x64.Build.0 = Release|x64
		{85E085E8-6C91-4F18-AF3B-7A6E23FFB917}.Release|x64.Deploy.0 = Release|x64
		{85E085E8-6C91-4F18-AF3B-7A6E23FFB917}.Release|x86.ActiveCfg = Release|x86
		{85E085E8-6C91-4F18-AF3B-7A6E23FFB917}.Release|x86.Build.0 = Release|x86
		{85E085E8-6C91-4F18-AF3B-7A6E23FFB917}.Release|x86.Deploy.0 = Release|x86
		{88DB519D-9C97-458A-A198-B17C63903962}.Ad-Hoc|Any CPU.ActiveCfg = Release|Any CPU
		{88DB519D-9C97-458A-A198-B17C63903962}.Ad-Hoc|Any CPU.Build.0 = Release|Any CPU
		{88DB519D-9C97-458A-A198-B17C63903962}.Ad-Hoc|ARM.ActiveCfg = Release|Any CPU
		{88DB519D-9C97-458A-A198-B17C63903962}.Ad-Hoc|ARM.Build.0 = Release|Any CPU
		{88DB519D-9C97-458A-A198-B17C63903962}.Ad-Hoc|iPhone.ActiveCfg = Release|Any CPU
		{88DB519D-9C97-458A-A198-B17C63903962}.Ad-Hoc|iPhone.Build.0 = Release|Any CPU
		{88DB519D-9C97-458A-A198-B17C63903962}.Ad-Hoc|iPhoneSimulator.ActiveCfg = Release|Any CPU
		{88DB519D-9C97-458A-A198-B17C63903962}.Ad-Hoc|iPhoneSimulator.Build.0 = Release|Any CPU
		{88DB519D-9C97-458A-A198-B17C63903962}.Ad-Hoc|x64.ActiveCfg = Release|Any CPU
		{88DB519D-9C97-458A-A198-B17C63903962}.Ad-Hoc|x64.Build.0 = Release|Any CPU
		{88DB519D-9C97-458A-A198-B17C63903962}.Ad-Hoc|x86.ActiveCfg = Release|Any CPU
		{88DB519D-9C97-458A-A198-B17C63903962}.Ad-Hoc|x86.Build.0 = Release|Any CPU
		{88DB519D-9C97-458A-A198-B17C63903962}.AppStore|Any CPU.ActiveCfg = Release|Any CPU
		{88DB519D-9C97-458A-A198-B17C63903962}.AppStore|Any CPU.Build.0 = Release|Any CPU
		{88DB519D-9C97-458A-A198-B17C63903962}.AppStore|ARM.ActiveCfg = Release|Any CPU
		{88DB519D-9C97-458A-A198-B17C63903962}.AppStore|ARM.Build.0 = Release|Any CPU
		{88DB519D-9C97-458A-A198-B17C63903962}.AppStore|iPhone.ActiveCfg = Release|Any CPU
		{88DB519D-9C97-458A-A198-B17C63903962}.AppStore|iPhone.Build.0 = Release|Any CPU
		{88DB519D-9C97-458A-A198-B17C63903962}.AppStore|iPhoneSimulator.ActiveCfg = Release|Any CPU
		{88DB519D-9C97-458A-A198-B17C63903962}.AppStore|iPhoneSimulator.Build.0 = Release|Any CPU
		{88DB519D-9C97-458A-A198-B17C63903962}.AppStore|x64.ActiveCfg = Release|Any CPU
		{88DB519D-9C97-458A-A198-B17C63903962}.AppStore|x64.Build.0 = Release|Any CPU
		{88DB519D-9C97-458A-A198-B17C63903962}.AppStore|x86.ActiveCfg = Release|Any CPU
		{88DB519D-9C97-458A-A198-B17C63903962}.AppStore|x86.Build.0 = Release|Any CPU
		{88DB519D-9C97-458A-A198-B17C63903962}.Debug|Any CPU.ActiveCfg = Debug|Any CPU
		{88DB519D-9C97-458A-A198-B17C63903962}.Debug|Any CPU.Build.0 = Debug|Any CPU
		{88DB519D-9C97-458A-A198-B17C63903962}.Debug|ARM.ActiveCfg = Debug|Any CPU
		{88DB519D-9C97-458A-A198-B17C63903962}.Debug|ARM.Build.0 = Debug|Any CPU
		{88DB519D-9C97-458A-A198-B17C63903962}.Debug|iPhone.ActiveCfg = Debug|Any CPU
		{88DB519D-9C97-458A-A198-B17C63903962}.Debug|iPhone.Build.0 = Debug|Any CPU
		{88DB519D-9C97-458A-A198-B17C63903962}.Debug|iPhoneSimulator.ActiveCfg = Debug|Any CPU
		{88DB519D-9C97-458A-A198-B17C63903962}.Debug|iPhoneSimulator.Build.0 = Debug|Any CPU
		{88DB519D-9C97-458A-A198-B17C63903962}.Debug|x64.ActiveCfg = Debug|Any CPU
		{88DB519D-9C97-458A-A198-B17C63903962}.Debug|x64.Build.0 = Debug|Any CPU
		{88DB519D-9C97-458A-A198-B17C63903962}.Debug|x86.ActiveCfg = Debug|Any CPU
		{88DB519D-9C97-458A-A198-B17C63903962}.Debug|x86.Build.0 = Debug|Any CPU
		{88DB519D-9C97-458A-A198-B17C63903962}.Release|Any CPU.ActiveCfg = Release|Any CPU
		{88DB519D-9C97-458A-A198-B17C63903962}.Release|Any CPU.Build.0 = Release|Any CPU
		{88DB519D-9C97-458A-A198-B17C63903962}.Release|ARM.ActiveCfg = Release|Any CPU
		{88DB519D-9C97-458A-A198-B17C63903962}.Release|ARM.Build.0 = Release|Any CPU
		{88DB519D-9C97-458A-A198-B17C63903962}.Release|iPhone.ActiveCfg = Release|Any CPU
		{88DB519D-9C97-458A-A198-B17C63903962}.Release|iPhone.Build.0 = Release|Any CPU
		{88DB519D-9C97-458A-A198-B17C63903962}.Release|iPhoneSimulator.ActiveCfg = Release|Any CPU
		{88DB519D-9C97-458A-A198-B17C63903962}.Release|iPhoneSimulator.Build.0 = Release|Any CPU
		{88DB519D-9C97-458A-A198-B17C63903962}.Release|x64.ActiveCfg = Release|Any CPU
		{88DB519D-9C97-458A-A198-B17C63903962}.Release|x64.Build.0 = Release|Any CPU
		{88DB519D-9C97-458A-A198-B17C63903962}.Release|x86.ActiveCfg = Release|Any CPU
		{88DB519D-9C97-458A-A198-B17C63903962}.Release|x86.Build.0 = Release|Any CPU
	EndGlobalSection
	GlobalSection(SolutionProperties) = preSolution
		HideSolutionNode = FALSE
	EndGlobalSection
EndGlobal
